
Microsoft Visual Studio Solution File, Format Version 11.00
# Visual Studio 2010
Project("{FAE04EC0-301F-11D3-BF4B-00C04F79EFBC}") = "Assembly-CSharp", "Assembly-CSharp.csproj", "{6EE7ABF8-3932-0794-89ED-132F44D6FA75}"
EndProject
Project("{FAE04EC0-301F-11D3-BF4B-00C04F79EFBC}") = "Assembly-CSharp-Editor", "Assembly-CSharp-Editor.csproj", "{2FFD27A3-0016-5107-2351-CC7C3D18CA58}"
EndProject
Global
	GlobalSection(SolutionConfigurationPlatforms) = preSolution
		Debug|Any CPU = Debug|Any CPU
		Release|Any CPU = Release|Any CPU
	EndGlobalSection
	GlobalSection(ProjectConfigurationPlatforms) = postSolution
		{6EE7ABF8-3932-0794-89ED-132F44D6FA75}.Debug|Any CPU.ActiveCfg = Debug|Any CPU
		{6EE7ABF8-3932-0794-89ED-132F44D6FA75}.Debug|Any CPU.Build.0 = Debug|Any CPU
		{6EE7ABF8-3932-0794-89ED-132F44D6FA75}.Release|Any CPU.ActiveCfg = Release|Any CPU
		{6EE7ABF8-3932-0794-89ED-132F44D6FA75}.Release|Any CPU.Build.0 = Release|Any CPU
		{2FFD27A3-0016-5107-2351-CC7C3D18CA58}.Debug|Any CPU.ActiveCfg = Debug|Any CPU
		{2FFD27A3-0016-5107-2351-CC7C3D18CA58}.Debug|Any CPU.Build.0 = Debug|Any CPU
		{2FFD27A3-0016-5107-2351-CC7C3D18CA58}.Release|Any CPU.ActiveCfg = Release|Any CPU
		{2FFD27A3-0016-5107-2351-CC7C3D18CA58}.Release|Any CPU.Build.0 = Release|Any CPU
	EndGlobalSection
	GlobalSection(SolutionProperties) = preSolution
		HideSolutionNode = FALSE
	EndGlobalSection
EndGlobal
